// !$*UTF8*$!
{
	archiveVersion = 1;
	classes = {
	};
	objectVersion = 56;
	objects = {

/* Begin PBXBuildFile section */
		D34F016E29D9BC8900E1AC92 /* PracticaIOSSuperPoderesApp.swift in Sources */ = {isa = PBXBuildFile; fileRef = D38F607929CAFFD20025125F /* PracticaIOSSuperPoderesApp.swift */; };
		D3672F2C29D9B5A300471DF8 /* Assets.xcassets in Resources */ = {isa = PBXBuildFile; fileRef = D3672F2B29D9B5A300471DF8 /* Assets.xcassets */; };
		D3672F2F29D9B5A300471DF8 /* Preview Assets.xcassets in Resources */ = {isa = PBXBuildFile; fileRef = D3672F2E29D9B5A300471DF8 /* Preview Assets.xcassets */; };
		D3672F3229D9B5A300471DF8 /* watchOSSupport Watch App.app in Embed Watch Content */ = {isa = PBXBuildFile; fileRef = D3672F2529D9B5A300471DF8 /* watchOSSupport Watch App.app */; settings = {ATTRIBUTES = (RemoveHeadersOnCopy, ); }; };
		D3672F3729D9B5F700471DF8 /* Tool.swift in Sources */ = {isa = PBXBuildFile; fileRef = D384DC9629D0A0B8003F4524 /* Tool.swift */; };
		D3672F3829D9B60200471DF8 /* SerieCard.swift in Sources */ = {isa = PBXBuildFile; fileRef = D3A0153E29D2F2BA00E3880A /* SerieCard.swift */; };
		D3672F3929D9B60500471DF8 /* TitleStyle.swift in Sources */ = {isa = PBXBuildFile; fileRef = D3A0FD0129D33F9F000CE348 /* TitleStyle.swift */; };
		D3672F3A29D9B60700471DF8 /* HeroeCard.swift in Sources */ = {isa = PBXBuildFile; fileRef = D3DA4C1829D74CF4001AE13D /* HeroeCard.swift */; };
		D3672F3B29D9B60B00471DF8 /* HeroeSeriesView.swift in Sources */ = {isa = PBXBuildFile; fileRef = D38661C829D18FAB000F13D3 /* HeroeSeriesView.swift */; };
		D3672F3C29D9B60D00471DF8 /* HeroeSeriesRowCellView.swift in Sources */ = {isa = PBXBuildFile; fileRef = D38661CC29D19255000F13D3 /* HeroeSeriesRowCellView.swift */; };
		D3672F3D29D9B61000471DF8 /* BaseView.swift in Sources */ = {isa = PBXBuildFile; fileRef = D384DC8329D075DA003F4524 /* BaseView.swift */; };
		D3672F3E29D9B61200471DF8 /* LoadingView.swift in Sources */ = {isa = PBXBuildFile; fileRef = D384DC9029D090D6003F4524 /* LoadingView.swift */; };
		D3672F3F29D9B61500471DF8 /* HeroesRowCellView.swift in Sources */ = {isa = PBXBuildFile; fileRef = D384DC7729D04E04003F4524 /* HeroesRowCellView.swift */; };
		D3672F4029D9B61800471DF8 /* HeroesListView.swift in Sources */ = {isa = PBXBuildFile; fileRef = D384DC7E29D06260003F4524 /* HeroesListView.swift */; };
		D3672F4129D9B61C00471DF8 /* BaseViewModel.swift in Sources */ = {isa = PBXBuildFile; fileRef = D384DC8C29D07BDD003F4524 /* BaseViewModel.swift */; };
		D3672F4229D9B62100471DF8 /* HeroesTableViewModel.swift in Sources */ = {isa = PBXBuildFile; fileRef = D3C08A6C29CF6CA700D96E56 /* HeroesTableViewModel.swift */; };
		D3672F4329D9B62400471DF8 /* HeroeSeriesViewModel.swift in Sources */ = {isa = PBXBuildFile; fileRef = D384DCA629D0E0C9003F4524 /* HeroeSeriesViewModel.swift */; };
		D3672F4429D9B62800471DF8 /* Heroe.swift in Sources */ = {isa = PBXBuildFile; fileRef = D3C08A6729CF69B500D96E56 /* Heroe.swift */; };
		D3672F4529D9B62A00471DF8 /* Status.swift in Sources */ = {isa = PBXBuildFile; fileRef = D3C08A7029CF6D2000D96E56 /* Status.swift */; };
		D3672F4629D9B62D00471DF8 /* Serie.swift in Sources */ = {isa = PBXBuildFile; fileRef = D384DCA229D0E030003F4524 /* Serie.swift */; };
		D3672F4729D9B63000471DF8 /* Networking.swift in Sources */ = {isa = PBXBuildFile; fileRef = D3A6DA7D29CDC72A00452F39 /* Networking.swift */; };
		D3672F4929D9B63F00471DF8 /* Localizable.strings in Resources */ = {isa = PBXBuildFile; fileRef = D38F60AF29CB03AF0025125F /* Localizable.strings */; };
		D384DC7829D04E04003F4524 /* HeroesRowCellView.swift in Sources */ = {isa = PBXBuildFile; fileRef = D384DC7729D04E04003F4524 /* HeroesRowCellView.swift */; };
		D384DC7929D04E04003F4524 /* HeroesRowCellView.swift in Sources */ = {isa = PBXBuildFile; fileRef = D384DC7729D04E04003F4524 /* HeroesRowCellView.swift */; };
		D384DC7A29D04E04003F4524 /* HeroesRowCellView.swift in Sources */ = {isa = PBXBuildFile; fileRef = D384DC7729D04E04003F4524 /* HeroesRowCellView.swift */; };
		D384DC7F29D06260003F4524 /* HeroesListView.swift in Sources */ = {isa = PBXBuildFile; fileRef = D384DC7E29D06260003F4524 /* HeroesListView.swift */; };
		D384DC8029D06260003F4524 /* HeroesListView.swift in Sources */ = {isa = PBXBuildFile; fileRef = D384DC7E29D06260003F4524 /* HeroesListView.swift */; };
		D384DC8129D06260003F4524 /* HeroesListView.swift in Sources */ = {isa = PBXBuildFile; fileRef = D384DC7E29D06260003F4524 /* HeroesListView.swift */; };
		D384DC8429D075DA003F4524 /* BaseView.swift in Sources */ = {isa = PBXBuildFile; fileRef = D384DC8329D075DA003F4524 /* BaseView.swift */; };
		D384DC8529D075DA003F4524 /* BaseView.swift in Sources */ = {isa = PBXBuildFile; fileRef = D384DC8329D075DA003F4524 /* BaseView.swift */; };
		D384DC8629D075DA003F4524 /* BaseView.swift in Sources */ = {isa = PBXBuildFile; fileRef = D384DC8329D075DA003F4524 /* BaseView.swift */; };
		D384DC8829D07683003F4524 /* EnumTest.swift in Sources */ = {isa = PBXBuildFile; fileRef = D384DC8729D07682003F4524 /* EnumTest.swift */; };
		D384DC8929D07893003F4524 /* Heroe.swift in Sources */ = {isa = PBXBuildFile; fileRef = D3C08A6729CF69B500D96E56 /* Heroe.swift */; };
		D384DC8A29D07893003F4524 /* Heroe.swift in Sources */ = {isa = PBXBuildFile; fileRef = D3C08A6729CF69B500D96E56 /* Heroe.swift */; };
		D384DC8D29D07BDD003F4524 /* BaseViewModel.swift in Sources */ = {isa = PBXBuildFile; fileRef = D384DC8C29D07BDD003F4524 /* BaseViewModel.swift */; };
		D384DC8E29D07BDD003F4524 /* BaseViewModel.swift in Sources */ = {isa = PBXBuildFile; fileRef = D384DC8C29D07BDD003F4524 /* BaseViewModel.swift */; };
		D384DC8F29D07BDD003F4524 /* BaseViewModel.swift in Sources */ = {isa = PBXBuildFile; fileRef = D384DC8C29D07BDD003F4524 /* BaseViewModel.swift */; };
		D384DC9129D090D6003F4524 /* LoadingView.swift in Sources */ = {isa = PBXBuildFile; fileRef = D384DC9029D090D6003F4524 /* LoadingView.swift */; };
		D384DC9229D090D6003F4524 /* LoadingView.swift in Sources */ = {isa = PBXBuildFile; fileRef = D384DC9029D090D6003F4524 /* LoadingView.swift */; };
		D384DC9329D090D6003F4524 /* LoadingView.swift in Sources */ = {isa = PBXBuildFile; fileRef = D384DC9029D090D6003F4524 /* LoadingView.swift */; };
		D384DC9729D0A0B8003F4524 /* Tool.swift in Sources */ = {isa = PBXBuildFile; fileRef = D384DC9629D0A0B8003F4524 /* Tool.swift */; };
		D384DC9829D0A0B8003F4524 /* Tool.swift in Sources */ = {isa = PBXBuildFile; fileRef = D384DC9629D0A0B8003F4524 /* Tool.swift */; };
		D384DC9929D0A0B8003F4524 /* Tool.swift in Sources */ = {isa = PBXBuildFile; fileRef = D384DC9629D0A0B8003F4524 /* Tool.swift */; };
		D384DCA329D0E030003F4524 /* Serie.swift in Sources */ = {isa = PBXBuildFile; fileRef = D384DCA229D0E030003F4524 /* Serie.swift */; };
		D384DCA429D0E030003F4524 /* Serie.swift in Sources */ = {isa = PBXBuildFile; fileRef = D384DCA229D0E030003F4524 /* Serie.swift */; };
		D384DCA529D0E030003F4524 /* Serie.swift in Sources */ = {isa = PBXBuildFile; fileRef = D384DCA229D0E030003F4524 /* Serie.swift */; };
		D384DCA729D0E0C9003F4524 /* HeroeSeriesViewModel.swift in Sources */ = {isa = PBXBuildFile; fileRef = D384DCA629D0E0C9003F4524 /* HeroeSeriesViewModel.swift */; };
		D384DCA829D0E0C9003F4524 /* HeroeSeriesViewModel.swift in Sources */ = {isa = PBXBuildFile; fileRef = D384DCA629D0E0C9003F4524 /* HeroeSeriesViewModel.swift */; };
		D384DCA929D0E0C9003F4524 /* HeroeSeriesViewModel.swift in Sources */ = {isa = PBXBuildFile; fileRef = D384DCA629D0E0C9003F4524 /* HeroeSeriesViewModel.swift */; };
		D38661C929D18FAB000F13D3 /* HeroeSeriesView.swift in Sources */ = {isa = PBXBuildFile; fileRef = D38661C829D18FAB000F13D3 /* HeroeSeriesView.swift */; };
		D38661CA29D18FAB000F13D3 /* HeroeSeriesView.swift in Sources */ = {isa = PBXBuildFile; fileRef = D38661C829D18FAB000F13D3 /* HeroeSeriesView.swift */; };
		D38661CB29D18FAB000F13D3 /* HeroeSeriesView.swift in Sources */ = {isa = PBXBuildFile; fileRef = D38661C829D18FAB000F13D3 /* HeroeSeriesView.swift */; };
		D38661CD29D19255000F13D3 /* HeroeSeriesRowCellView.swift in Sources */ = {isa = PBXBuildFile; fileRef = D38661CC29D19255000F13D3 /* HeroeSeriesRowCellView.swift */; };
		D38661CE29D19255000F13D3 /* HeroeSeriesRowCellView.swift in Sources */ = {isa = PBXBuildFile; fileRef = D38661CC29D19255000F13D3 /* HeroeSeriesRowCellView.swift */; };
		D38661CF29D19255000F13D3 /* HeroeSeriesRowCellView.swift in Sources */ = {isa = PBXBuildFile; fileRef = D38661CC29D19255000F13D3 /* HeroeSeriesRowCellView.swift */; };
		D3899F9729D841D4008743F7 /* HeroeCard.swift in Sources */ = {isa = PBXBuildFile; fileRef = D3DA4C1829D74CF4001AE13D /* HeroeCard.swift */; };
		D3899F9829D841D4008743F7 /* HeroeCard.swift in Sources */ = {isa = PBXBuildFile; fileRef = D3DA4C1829D74CF4001AE13D /* HeroeCard.swift */; };
		D3899F9B29D8A55D008743F7 /* ModelsTest.swift in Sources */ = {isa = PBXBuildFile; fileRef = D3899F9A29D8A55D008743F7 /* ModelsTest.swift */; };
		D3899F9D29D8B635008743F7 /* ToolTest.swift in Sources */ = {isa = PBXBuildFile; fileRef = D3899F9C29D8B635008743F7 /* ToolTest.swift */; };
		D38F607A29CAFFD20025125F /* PracticaIOSSuperPoderesApp.swift in Sources */ = {isa = PBXBuildFile; fileRef = D38F607929CAFFD20025125F /* PracticaIOSSuperPoderesApp.swift */; };
		D38F607C29CAFFD20025125F /* ContentView.swift in Sources */ = {isa = PBXBuildFile; fileRef = D38F607B29CAFFD20025125F /* ContentView.swift */; };
		D38F607E29CAFFD20025125F /* Assets.xcassets in Resources */ = {isa = PBXBuildFile; fileRef = D38F607D29CAFFD20025125F /* Assets.xcassets */; };
		D38F608229CAFFD20025125F /* Preview Assets.xcassets in Resources */ = {isa = PBXBuildFile; fileRef = D38F608129CAFFD20025125F /* Preview Assets.xcassets */; };
		D38F608C29CAFFD20025125F /* PracticaIOSSuperPoderesTests.swift in Sources */ = {isa = PBXBuildFile; fileRef = D38F608B29CAFFD20025125F /* PracticaIOSSuperPoderesTests.swift */; };
		D38F609629CAFFD30025125F /* PracticaIOSSuperPoderesUITests.swift in Sources */ = {isa = PBXBuildFile; fileRef = D38F609529CAFFD30025125F /* PracticaIOSSuperPoderesUITests.swift */; };
		D38F609829CAFFD30025125F /* PracticaIOSSuperPoderesUITestsLaunchTests.swift in Sources */ = {isa = PBXBuildFile; fileRef = D38F609729CAFFD30025125F /* PracticaIOSSuperPoderesUITestsLaunchTests.swift */; };
		D38F60AB29CB03AF0025125F /* Localizable.strings in Resources */ = {isa = PBXBuildFile; fileRef = D38F60AF29CB03AF0025125F /* Localizable.strings */; };
		D38F60AC29CB03AF0025125F /* Localizable.strings in Resources */ = {isa = PBXBuildFile; fileRef = D38F60AF29CB03AF0025125F /* Localizable.strings */; };
		D38F60AD29CB03AF0025125F /* Localizable.strings in Resources */ = {isa = PBXBuildFile; fileRef = D38F60AF29CB03AF0025125F /* Localizable.strings */; };
		D38F60B229CB04860025125F /* LocalizableTest.swift in Sources */ = {isa = PBXBuildFile; fileRef = D38F60B129CB04860025125F /* LocalizableTest.swift */; };
		D3A0153F29D2F2BA00E3880A /* SerieCard.swift in Sources */ = {isa = PBXBuildFile; fileRef = D3A0153E29D2F2BA00E3880A /* SerieCard.swift */; };
		D3A0154029D2F2BA00E3880A /* SerieCard.swift in Sources */ = {isa = PBXBuildFile; fileRef = D3A0153E29D2F2BA00E3880A /* SerieCard.swift */; };
		D3A0154129D2F2BA00E3880A /* SerieCard.swift in Sources */ = {isa = PBXBuildFile; fileRef = D3A0153E29D2F2BA00E3880A /* SerieCard.swift */; };
		D3A0FD0229D33F9F000CE348 /* TitleStyle.swift in Sources */ = {isa = PBXBuildFile; fileRef = D3A0FD0129D33F9F000CE348 /* TitleStyle.swift */; };
		D3A0FD0329D33F9F000CE348 /* TitleStyle.swift in Sources */ = {isa = PBXBuildFile; fileRef = D3A0FD0129D33F9F000CE348 /* TitleStyle.swift */; };
		D3A0FD0429D33F9F000CE348 /* TitleStyle.swift in Sources */ = {isa = PBXBuildFile; fileRef = D3A0FD0129D33F9F000CE348 /* TitleStyle.swift */; };
		D3A22B2529D97D2200715EA5 /* ViewInspector in Frameworks */ = {isa = PBXBuildFile; productRef = D3A22B2429D97D2200715EA5 /* ViewInspector */; };
		D3A22B2729D9806F00715EA5 /* UITest.swift in Sources */ = {isa = PBXBuildFile; fileRef = D3A22B2629D9806F00715EA5 /* UITest.swift */; };
		D3A6DA7E29CDC72A00452F39 /* Networking.swift in Sources */ = {isa = PBXBuildFile; fileRef = D3A6DA7D29CDC72A00452F39 /* Networking.swift */; };
		D3A6DA7F29CDC72A00452F39 /* Networking.swift in Sources */ = {isa = PBXBuildFile; fileRef = D3A6DA7D29CDC72A00452F39 /* Networking.swift */; };
		D3A6DA8029CDC72A00452F39 /* Networking.swift in Sources */ = {isa = PBXBuildFile; fileRef = D3A6DA7D29CDC72A00452F39 /* Networking.swift */; };
		D3C08A6829CF69B500D96E56 /* Heroe.swift in Sources */ = {isa = PBXBuildFile; fileRef = D3C08A6729CF69B500D96E56 /* Heroe.swift */; };
		D3C08A6D29CF6CA700D96E56 /* HeroesTableViewModel.swift in Sources */ = {isa = PBXBuildFile; fileRef = D3C08A6C29CF6CA700D96E56 /* HeroesTableViewModel.swift */; };
		D3C08A6E29CF6CA700D96E56 /* HeroesTableViewModel.swift in Sources */ = {isa = PBXBuildFile; fileRef = D3C08A6C29CF6CA700D96E56 /* HeroesTableViewModel.swift */; };
		D3C08A6F29CF6CA700D96E56 /* HeroesTableViewModel.swift in Sources */ = {isa = PBXBuildFile; fileRef = D3C08A6C29CF6CA700D96E56 /* HeroesTableViewModel.swift */; };
		D3C08A7129CF6D2000D96E56 /* Status.swift in Sources */ = {isa = PBXBuildFile; fileRef = D3C08A7029CF6D2000D96E56 /* Status.swift */; };
		D3C08A7229CF6D2000D96E56 /* Status.swift in Sources */ = {isa = PBXBuildFile; fileRef = D3C08A7029CF6D2000D96E56 /* Status.swift */; };
		D3C08A7329CF6D2000D96E56 /* Status.swift in Sources */ = {isa = PBXBuildFile; fileRef = D3C08A7029CF6D2000D96E56 /* Status.swift */; };
		D3DA4C1929D74CF4001AE13D /* HeroeCard.swift in Sources */ = {isa = PBXBuildFile; fileRef = D3DA4C1829D74CF4001AE13D /* HeroeCard.swift */; };
/* End PBXBuildFile section */

/* Begin PBXContainerItemProxy section */
		D3672F3029D9B5A300471DF8 /* PBXContainerItemProxy */ = {
			isa = PBXContainerItemProxy;
			containerPortal = D38F606E29CAFFD20025125F /* Project object */;
			proxyType = 1;
			remoteGlobalIDString = D3672F2429D9B5A300471DF8;
			remoteInfo = "watchOSSupport Watch App";
		};
		D38F608829CAFFD20025125F /* PBXContainerItemProxy */ = {
			isa = PBXContainerItemProxy;
			containerPortal = D38F606E29CAFFD20025125F /* Project object */;
			proxyType = 1;
			remoteGlobalIDString = D38F607529CAFFD20025125F;
			remoteInfo = PracticaIOSSuperPoderes;
		};
		D38F609229CAFFD30025125F /* PBXContainerItemProxy */ = {
			isa = PBXContainerItemProxy;
			containerPortal = D38F606E29CAFFD20025125F /* Project object */;
			proxyType = 1;
			remoteGlobalIDString = D38F607529CAFFD20025125F;
			remoteInfo = PracticaIOSSuperPoderes;
		};
/* End PBXContainerItemProxy section */

/* Begin PBXCopyFilesBuildPhase section */
		D3672F3329D9B5A300471DF8 /* Embed Watch Content */ = {
			isa = PBXCopyFilesBuildPhase;
			buildActionMask = 2147483647;
			dstPath = "$(CONTENTS_FOLDER_PATH)/Watch";
			dstSubfolderSpec = 16;
			files = (
				D3672F3229D9B5A300471DF8 /* watchOSSupport Watch App.app in Embed Watch Content */,
			);
			name = "Embed Watch Content";
			runOnlyForDeploymentPostprocessing = 0;
		};
/* End PBXCopyFilesBuildPhase section */

/* Begin PBXFileReference section */
		D3672F2529D9B5A300471DF8 /* watchOSSupport Watch App.app */ = {isa = PBXFileReference; explicitFileType = wrapper.application; includeInIndex = 0; path = "watchOSSupport Watch App.app"; sourceTree = BUILT_PRODUCTS_DIR; };
		D3672F2B29D9B5A300471DF8 /* Assets.xcassets */ = {isa = PBXFileReference; lastKnownFileType = folder.assetcatalog; path = Assets.xcassets; sourceTree = "<group>"; };
		D3672F2E29D9B5A300471DF8 /* Preview Assets.xcassets */ = {isa = PBXFileReference; lastKnownFileType = folder.assetcatalog; path = "Preview Assets.xcassets"; sourceTree = "<group>"; };
		D384DC7729D04E04003F4524 /* HeroesRowCellView.swift */ = {isa = PBXFileReference; lastKnownFileType = sourcecode.swift; path = HeroesRowCellView.swift; sourceTree = "<group>"; };
		D384DC7B29D05AD3003F4524 /* Info.plist */ = {isa = PBXFileReference; lastKnownFileType = text.plist; path = Info.plist; sourceTree = "<group>"; };
		D384DC7E29D06260003F4524 /* HeroesListView.swift */ = {isa = PBXFileReference; lastKnownFileType = sourcecode.swift; path = HeroesListView.swift; sourceTree = "<group>"; };
		D384DC8329D075DA003F4524 /* BaseView.swift */ = {isa = PBXFileReference; lastKnownFileType = sourcecode.swift; path = BaseView.swift; sourceTree = "<group>"; };
		D384DC8729D07682003F4524 /* EnumTest.swift */ = {isa = PBXFileReference; lastKnownFileType = sourcecode.swift; path = EnumTest.swift; sourceTree = "<group>"; };
		D384DC8C29D07BDD003F4524 /* BaseViewModel.swift */ = {isa = PBXFileReference; lastKnownFileType = sourcecode.swift; path = BaseViewModel.swift; sourceTree = "<group>"; };
		D384DC9029D090D6003F4524 /* LoadingView.swift */ = {isa = PBXFileReference; lastKnownFileType = sourcecode.swift; path = LoadingView.swift; sourceTree = "<group>"; };
		D384DC9629D0A0B8003F4524 /* Tool.swift */ = {isa = PBXFileReference; lastKnownFileType = sourcecode.swift; path = Tool.swift; sourceTree = "<group>"; };
		D384DCA229D0E030003F4524 /* Serie.swift */ = {isa = PBXFileReference; lastKnownFileType = sourcecode.swift; path = Serie.swift; sourceTree = "<group>"; };
		D384DCA629D0E0C9003F4524 /* HeroeSeriesViewModel.swift */ = {isa = PBXFileReference; lastKnownFileType = sourcecode.swift; path = HeroeSeriesViewModel.swift; sourceTree = "<group>"; };
		D38661C829D18FAB000F13D3 /* HeroeSeriesView.swift */ = {isa = PBXFileReference; lastKnownFileType = sourcecode.swift; path = HeroeSeriesView.swift; sourceTree = "<group>"; };
		D38661CC29D19255000F13D3 /* HeroeSeriesRowCellView.swift */ = {isa = PBXFileReference; lastKnownFileType = sourcecode.swift; path = HeroeSeriesRowCellView.swift; sourceTree = "<group>"; };
		D386D51B29D9BEFA0089EFF8 /* watchOSSupport-Watch-App-Info.plist */ = {isa = PBXFileReference; lastKnownFileType = text.plist; path = "watchOSSupport-Watch-App-Info.plist"; sourceTree = SOURCE_ROOT; };
		D3899F9A29D8A55D008743F7 /* ModelsTest.swift */ = {isa = PBXFileReference; lastKnownFileType = sourcecode.swift; path = ModelsTest.swift; sourceTree = "<group>"; };
		D3899F9C29D8B635008743F7 /* ToolTest.swift */ = {isa = PBXFileReference; lastKnownFileType = sourcecode.swift; path = ToolTest.swift; sourceTree = "<group>"; };
		D38F607629CAFFD20025125F /* PracticaIOSSuperPoderes.app */ = {isa = PBXFileReference; explicitFileType = wrapper.application; includeInIndex = 0; path = PracticaIOSSuperPoderes.app; sourceTree = BUILT_PRODUCTS_DIR; };
		D38F607929CAFFD20025125F /* PracticaIOSSuperPoderesApp.swift */ = {isa = PBXFileReference; lastKnownFileType = sourcecode.swift; path = PracticaIOSSuperPoderesApp.swift; sourceTree = "<group>"; };
		D38F607B29CAFFD20025125F /* ContentView.swift */ = {isa = PBXFileReference; lastKnownFileType = sourcecode.swift; path = ContentView.swift; sourceTree = "<group>"; };
		D38F607D29CAFFD20025125F /* Assets.xcassets */ = {isa = PBXFileReference; lastKnownFileType = folder.assetcatalog; path = Assets.xcassets; sourceTree = "<group>"; };
		D38F607F29CAFFD20025125F /* PracticaIOSSuperPoderes.entitlements */ = {isa = PBXFileReference; lastKnownFileType = text.plist.entitlements; path = PracticaIOSSuperPoderes.entitlements; sourceTree = "<group>"; };
		D38F608129CAFFD20025125F /* Preview Assets.xcassets */ = {isa = PBXFileReference; lastKnownFileType = folder.assetcatalog; path = "Preview Assets.xcassets"; sourceTree = "<group>"; };
		D38F608729CAFFD20025125F /* PracticaIOSSuperPoderesTests.xctest */ = {isa = PBXFileReference; explicitFileType = wrapper.cfbundle; includeInIndex = 0; path = PracticaIOSSuperPoderesTests.xctest; sourceTree = BUILT_PRODUCTS_DIR; };
		D38F608B29CAFFD20025125F /* PracticaIOSSuperPoderesTests.swift */ = {isa = PBXFileReference; lastKnownFileType = sourcecode.swift; path = PracticaIOSSuperPoderesTests.swift; sourceTree = "<group>"; };
		D38F609129CAFFD30025125F /* PracticaIOSSuperPoderesUITests.xctest */ = {isa = PBXFileReference; explicitFileType = wrapper.cfbundle; includeInIndex = 0; path = PracticaIOSSuperPoderesUITests.xctest; sourceTree = BUILT_PRODUCTS_DIR; };
		D38F609529CAFFD30025125F /* PracticaIOSSuperPoderesUITests.swift */ = {isa = PBXFileReference; lastKnownFileType = sourcecode.swift; path = PracticaIOSSuperPoderesUITests.swift; sourceTree = "<group>"; };
		D38F609729CAFFD30025125F /* PracticaIOSSuperPoderesUITestsLaunchTests.swift */ = {isa = PBXFileReference; lastKnownFileType = sourcecode.swift; path = PracticaIOSSuperPoderesUITestsLaunchTests.swift; sourceTree = "<group>"; };
		D38F60AE29CB03AF0025125F /* en */ = {isa = PBXFileReference; lastKnownFileType = text.plist.strings; name = en; path = en.lproj/Localizable.strings; sourceTree = "<group>"; };
		D38F60B029CB03B50025125F /* es */ = {isa = PBXFileReference; lastKnownFileType = text.plist.strings; name = es; path = es.lproj/Localizable.strings; sourceTree = "<group>"; };
		D38F60B129CB04860025125F /* LocalizableTest.swift */ = {isa = PBXFileReference; lastKnownFileType = sourcecode.swift; path = LocalizableTest.swift; sourceTree = "<group>"; };
		D3A0153E29D2F2BA00E3880A /* SerieCard.swift */ = {isa = PBXFileReference; lastKnownFileType = sourcecode.swift; path = SerieCard.swift; sourceTree = "<group>"; };
		D3A0FD0129D33F9F000CE348 /* TitleStyle.swift */ = {isa = PBXFileReference; lastKnownFileType = sourcecode.swift; path = TitleStyle.swift; sourceTree = "<group>"; };
		D3A22B2629D9806F00715EA5 /* UITest.swift */ = {isa = PBXFileReference; lastKnownFileType = sourcecode.swift; path = UITest.swift; sourceTree = "<group>"; };
		D3A6DA7D29CDC72A00452F39 /* Networking.swift */ = {isa = PBXFileReference; lastKnownFileType = sourcecode.swift; path = Networking.swift; sourceTree = "<group>"; };
		D3C08A6729CF69B500D96E56 /* Heroe.swift */ = {isa = PBXFileReference; lastKnownFileType = sourcecode.swift; path = Heroe.swift; sourceTree = "<group>"; };
		D3C08A6C29CF6CA700D96E56 /* HeroesTableViewModel.swift */ = {isa = PBXFileReference; lastKnownFileType = sourcecode.swift; path = HeroesTableViewModel.swift; sourceTree = "<group>"; };
		D3C08A7029CF6D2000D96E56 /* Status.swift */ = {isa = PBXFileReference; lastKnownFileType = sourcecode.swift; path = Status.swift; sourceTree = "<group>"; };
		D3DA4C1829D74CF4001AE13D /* HeroeCard.swift */ = {isa = PBXFileReference; lastKnownFileType = sourcecode.swift; path = HeroeCard.swift; sourceTree = "<group>"; };
/* End PBXFileReference section */

/* Begin PBXFrameworksBuildPhase section */
		D3672F2229D9B5A300471DF8 /* Frameworks */ = {
			isa = PBXFrameworksBuildPhase;
			buildActionMask = 2147483647;
			files = (
			);
			runOnlyForDeploymentPostprocessing = 0;
		};
		D38F607329CAFFD20025125F /* Frameworks */ = {
			isa = PBXFrameworksBuildPhase;
			buildActionMask = 2147483647;
			files = (
			);
			runOnlyForDeploymentPostprocessing = 0;
		};
		D38F608429CAFFD20025125F /* Frameworks */ = {
			isa = PBXFrameworksBuildPhase;
			buildActionMask = 2147483647;
			files = (
				D3A22B2529D97D2200715EA5 /* ViewInspector in Frameworks */,
			);
			runOnlyForDeploymentPostprocessing = 0;
		};
		D38F608E29CAFFD30025125F /* Frameworks */ = {
			isa = PBXFrameworksBuildPhase;
			buildActionMask = 2147483647;
			files = (
			);
			runOnlyForDeploymentPostprocessing = 0;
		};
/* End PBXFrameworksBuildPhase section */

/* Begin PBXGroup section */
		D3672F2629D9B5A300471DF8 /* watchOSSupport Watch App */ = {
			isa = PBXGroup;
			children = (
				D386D51B29D9BEFA0089EFF8 /* watchOSSupport-Watch-App-Info.plist */,
				D3672F2B29D9B5A300471DF8 /* Assets.xcassets */,
				D3672F2D29D9B5A300471DF8 /* Preview Content */,
			);
			path = "watchOSSupport Watch App";
			sourceTree = "<group>";
		};
		D3672F2D29D9B5A300471DF8 /* Preview Content */ = {
			isa = PBXGroup;
			children = (
				D3672F2E29D9B5A300471DF8 /* Preview Assets.xcassets */,
			);
			path = "Preview Content";
			sourceTree = "<group>";
		};
		D384DC8229D0632C003F4524 /* BaseView */ = {
			isa = PBXGroup;
			children = (
				D384DC8329D075DA003F4524 /* BaseView.swift */,
				D384DC9029D090D6003F4524 /* LoadingView.swift */,
			);
			path = BaseView;
			sourceTree = "<group>";
		};
		D384DC8B29D07BCD003F4524 /* BaseView */ = {
			isa = PBXGroup;
			children = (
				D384DC8C29D07BDD003F4524 /* BaseViewModel.swift */,
			);
			path = BaseView;
			sourceTree = "<group>";
		};
		D384DC9529D0A06C003F4524 /* Tools */ = {
			isa = PBXGroup;
			children = (
				D384DC9629D0A0B8003F4524 /* Tool.swift */,
			);
			path = Tools;
			sourceTree = "<group>";
		};
		D38661C329D18F45000F13D3 /* HeroeSeriesView */ = {
			isa = PBXGroup;
			children = (
				D38661C829D18FAB000F13D3 /* HeroeSeriesView.swift */,
				D38661CC29D19255000F13D3 /* HeroeSeriesRowCellView.swift */,
			);
			path = HeroeSeriesView;
			sourceTree = "<group>";
		};
		D3899F9929D84D86008743F7 /* HeroeSeriesViewModel */ = {
			isa = PBXGroup;
			children = (
				D384DCA629D0E0C9003F4524 /* HeroeSeriesViewModel.swift */,
			);
			path = HeroeSeriesViewModel;
			sourceTree = "<group>";
		};
		D38F606D29CAFFD20025125F = {
			isa = PBXGroup;
			children = (
				D38F607829CAFFD20025125F /* PracticaIOSSuperPoderes */,
				D38F608A29CAFFD20025125F /* PracticaIOSSuperPoderesTests */,
				D38F609429CAFFD30025125F /* PracticaIOSSuperPoderesUITests */,
				D3672F2629D9B5A300471DF8 /* watchOSSupport Watch App */,
				D38F607729CAFFD20025125F /* Products */,
			);
			sourceTree = "<group>";
		};
		D38F607729CAFFD20025125F /* Products */ = {
			isa = PBXGroup;
			children = (
				D38F607629CAFFD20025125F /* PracticaIOSSuperPoderes.app */,
				D38F608729CAFFD20025125F /* PracticaIOSSuperPoderesTests.xctest */,
				D38F609129CAFFD30025125F /* PracticaIOSSuperPoderesUITests.xctest */,
				D3672F2529D9B5A300471DF8 /* watchOSSupport Watch App.app */,
			);
			name = Products;
			sourceTree = "<group>";
		};
		D38F607829CAFFD20025125F /* PracticaIOSSuperPoderes */ = {
			isa = PBXGroup;
			children = (
				D384DC7B29D05AD3003F4524 /* Info.plist */,
				D384DC9529D0A06C003F4524 /* Tools */,
				D3C08A6A29CF6C6B00D96E56 /* Views */,
				D3C08A6929CF6C5700D96E56 /* ViewModels */,
				D3C08A6629CF696C00D96E56 /* Models */,
				D38F60A429CB02E50025125F /* Services */,
				D38F607929CAFFD20025125F /* PracticaIOSSuperPoderesApp.swift */,
				D38F607B29CAFFD20025125F /* ContentView.swift */,
				D38F607D29CAFFD20025125F /* Assets.xcassets */,
				D38F607F29CAFFD20025125F /* PracticaIOSSuperPoderes.entitlements */,
				D38F608029CAFFD20025125F /* Preview Content */,
				D38F60AF29CB03AF0025125F /* Localizable.strings */,
			);
			path = PracticaIOSSuperPoderes;
			sourceTree = "<group>";
		};
		D38F608029CAFFD20025125F /* Preview Content */ = {
			isa = PBXGroup;
			children = (
				D38F608129CAFFD20025125F /* Preview Assets.xcassets */,
			);
			path = "Preview Content";
			sourceTree = "<group>";
		};
		D38F608A29CAFFD20025125F /* PracticaIOSSuperPoderesTests */ = {
			isa = PBXGroup;
			children = (
				D38F608B29CAFFD20025125F /* PracticaIOSSuperPoderesTests.swift */,
				D38F60B129CB04860025125F /* LocalizableTest.swift */,
				D384DC8729D07682003F4524 /* EnumTest.swift */,
				D3899F9A29D8A55D008743F7 /* ModelsTest.swift */,
				D3899F9C29D8B635008743F7 /* ToolTest.swift */,
				D3A22B2629D9806F00715EA5 /* UITest.swift */,
			);
			path = PracticaIOSSuperPoderesTests;
			sourceTree = "<group>";
		};
		D38F609429CAFFD30025125F /* PracticaIOSSuperPoderesUITests */ = {
			isa = PBXGroup;
			children = (
				D38F609529CAFFD30025125F /* PracticaIOSSuperPoderesUITests.swift */,
				D38F609729CAFFD30025125F /* PracticaIOSSuperPoderesUITestsLaunchTests.swift */,
			);
			path = PracticaIOSSuperPoderesUITests;
			sourceTree = "<group>";
		};
		D38F60A429CB02E50025125F /* Services */ = {
			isa = PBXGroup;
			children = (
				D3A6DA7D29CDC72A00452F39 /* Networking.swift */,
			);
			path = Services;
			sourceTree = "<group>";
		};
		D3A0153D29D2F27500E3880A /* ViewBlueprints */ = {
			isa = PBXGroup;
			children = (
				D3A0153E29D2F2BA00E3880A /* SerieCard.swift */,
				D3A0FD0129D33F9F000CE348 /* TitleStyle.swift */,
				D3DA4C1829D74CF4001AE13D /* HeroeCard.swift */,
			);
			path = ViewBlueprints;
			sourceTree = "<group>";
		};
		D3C08A6629CF696C00D96E56 /* Models */ = {
			isa = PBXGroup;
			children = (
				D3C08A6729CF69B500D96E56 /* Heroe.swift */,
				D3C08A7029CF6D2000D96E56 /* Status.swift */,
				D384DCA229D0E030003F4524 /* Serie.swift */,
			);
			path = Models;
			sourceTree = "<group>";
		};
		D3C08A6929CF6C5700D96E56 /* ViewModels */ = {
			isa = PBXGroup;
			children = (
				D384DC8B29D07BCD003F4524 /* BaseView */,
				D3C08A6B29CF6C8400D96E56 /* HeroesTableViewModel */,
				D3899F9929D84D86008743F7 /* HeroeSeriesViewModel */,
			);
			path = ViewModels;
			sourceTree = "<group>";
		};
		D3C08A6A29CF6C6B00D96E56 /* Views */ = {
			isa = PBXGroup;
			children = (
				D3A0153D29D2F27500E3880A /* ViewBlueprints */,
				D38661C329D18F45000F13D3 /* HeroeSeriesView */,
				D384DC8229D0632C003F4524 /* BaseView */,
				D3C08A7429CF743400D96E56 /* HeroesList */,
			);
			path = Views;
			sourceTree = "<group>";
		};
		D3C08A6B29CF6C8400D96E56 /* HeroesTableViewModel */ = {
			isa = PBXGroup;
			children = (
				D3C08A6C29CF6CA700D96E56 /* HeroesTableViewModel.swift */,
			);
			path = HeroesTableViewModel;
			sourceTree = "<group>";
		};
		D3C08A7429CF743400D96E56 /* HeroesList */ = {
			isa = PBXGroup;
			children = (
				D384DC7729D04E04003F4524 /* HeroesRowCellView.swift */,
				D384DC7E29D06260003F4524 /* HeroesListView.swift */,
			);
			path = HeroesList;
			sourceTree = "<group>";
		};
/* End PBXGroup section */

/* Begin PBXNativeTarget section */
		D3672F2429D9B5A300471DF8 /* watchOSSupport Watch App */ = {
			isa = PBXNativeTarget;
			buildConfigurationList = D3672F3629D9B5A300471DF8 /* Build configuration list for PBXNativeTarget "watchOSSupport Watch App" */;
			buildPhases = (
				D3672F2129D9B5A300471DF8 /* Sources */,
				D3672F2229D9B5A300471DF8 /* Frameworks */,
				D3672F2329D9B5A300471DF8 /* Resources */,
			);
			buildRules = (
			);
			dependencies = (
			);
			name = "watchOSSupport Watch App";
			productName = "watchOSSupport Watch App";
			productReference = D3672F2529D9B5A300471DF8 /* watchOSSupport Watch App.app */;
			productType = "com.apple.product-type.application";
		};
		D38F607529CAFFD20025125F /* PracticaIOSSuperPoderes */ = {
			isa = PBXNativeTarget;
			buildConfigurationList = D38F609B29CAFFD30025125F /* Build configuration list for PBXNativeTarget "PracticaIOSSuperPoderes" */;
			buildPhases = (
				D38F607229CAFFD20025125F /* Sources */,
				D38F607329CAFFD20025125F /* Frameworks */,
				D38F607429CAFFD20025125F /* Resources */,
				D3672F3329D9B5A300471DF8 /* Embed Watch Content */,
			);
			buildRules = (
			);
			dependencies = (
				D3672F3129D9B5A300471DF8 /* PBXTargetDependency */,
			);
			name = PracticaIOSSuperPoderes;
			productName = PracticaIOSSuperPoderes;
			productReference = D38F607629CAFFD20025125F /* PracticaIOSSuperPoderes.app */;
			productType = "com.apple.product-type.application";
		};
		D38F608629CAFFD20025125F /* PracticaIOSSuperPoderesTests */ = {
			isa = PBXNativeTarget;
			buildConfigurationList = D38F609E29CAFFD30025125F /* Build configuration list for PBXNativeTarget "PracticaIOSSuperPoderesTests" */;
			buildPhases = (
				D38F608329CAFFD20025125F /* Sources */,
				D38F608429CAFFD20025125F /* Frameworks */,
				D38F608529CAFFD20025125F /* Resources */,
			);
			buildRules = (
			);
			dependencies = (
				D38F608929CAFFD20025125F /* PBXTargetDependency */,
			);
			name = PracticaIOSSuperPoderesTests;
			packageProductDependencies = (
				D3A22B2429D97D2200715EA5 /* ViewInspector */,
			);
			productName = PracticaIOSSuperPoderesTests;
			productReference = D38F608729CAFFD20025125F /* PracticaIOSSuperPoderesTests.xctest */;
			productType = "com.apple.product-type.bundle.unit-test";
		};
		D38F609029CAFFD30025125F /* PracticaIOSSuperPoderesUITests */ = {
			isa = PBXNativeTarget;
			buildConfigurationList = D38F60A129CAFFD30025125F /* Build configuration list for PBXNativeTarget "PracticaIOSSuperPoderesUITests" */;
			buildPhases = (
				D38F608D29CAFFD30025125F /* Sources */,
				D38F608E29CAFFD30025125F /* Frameworks */,
				D38F608F29CAFFD30025125F /* Resources */,
			);
			buildRules = (
			);
			dependencies = (
				D38F609329CAFFD30025125F /* PBXTargetDependency */,
			);
			name = PracticaIOSSuperPoderesUITests;
			productName = PracticaIOSSuperPoderesUITests;
			productReference = D38F609129CAFFD30025125F /* PracticaIOSSuperPoderesUITests.xctest */;
			productType = "com.apple.product-type.bundle.ui-testing";
		};
/* End PBXNativeTarget section */

/* Begin PBXProject section */
		D38F606E29CAFFD20025125F /* Project object */ = {
			isa = PBXProject;
			attributes = {
				BuildIndependentTargetsInParallel = 1;
				LastSwiftUpdateCheck = 1410;
				LastUpgradeCheck = 1410;
				TargetAttributes = {
					D3672F2429D9B5A300471DF8 = {
						CreatedOnToolsVersion = 14.1;
					};
					D38F607529CAFFD20025125F = {
						CreatedOnToolsVersion = 14.1;
					};
					D38F608629CAFFD20025125F = {
						CreatedOnToolsVersion = 14.1;
						TestTargetID = D38F607529CAFFD20025125F;
					};
					D38F609029CAFFD30025125F = {
						CreatedOnToolsVersion = 14.1;
						TestTargetID = D38F607529CAFFD20025125F;
					};
				};
			};
			buildConfigurationList = D38F607129CAFFD20025125F /* Build configuration list for PBXProject "PracticaIOSSuperPoderes" */;
			compatibilityVersion = "Xcode 14.0";
			developmentRegion = en;
			hasScannedForEncodings = 0;
			knownRegions = (
				en,
				Base,
				es,
			);
			mainGroup = D38F606D29CAFFD20025125F;
			packageReferences = (
				D3A22B2329D97D2200715EA5 /* XCRemoteSwiftPackageReference "ViewInspector" */,
			);
			productRefGroup = D38F607729CAFFD20025125F /* Products */;
			projectDirPath = "";
			projectRoot = "";
			targets = (
				D38F607529CAFFD20025125F /* PracticaIOSSuperPoderes */,
				D38F608629CAFFD20025125F /* PracticaIOSSuperPoderesTests */,
				D38F609029CAFFD30025125F /* PracticaIOSSuperPoderesUITests */,
				D3672F2429D9B5A300471DF8 /* watchOSSupport Watch App */,
			);
		};
/* End PBXProject section */

/* Begin PBXResourcesBuildPhase section */
		D3672F2329D9B5A300471DF8 /* Resources */ = {
			isa = PBXResourcesBuildPhase;
			buildActionMask = 2147483647;
			files = (
				D3672F2F29D9B5A300471DF8 /* Preview Assets.xcassets in Resources */,
				D3672F4929D9B63F00471DF8 /* Localizable.strings in Resources */,
				D3672F2C29D9B5A300471DF8 /* Assets.xcassets in Resources */,
			);
			runOnlyForDeploymentPostprocessing = 0;
		};
		D38F607429CAFFD20025125F /* Resources */ = {
			isa = PBXResourcesBuildPhase;
			buildActionMask = 2147483647;
			files = (
				D38F608229CAFFD20025125F /* Preview Assets.xcassets in Resources */,
				D38F60AB29CB03AF0025125F /* Localizable.strings in Resources */,
				D38F607E29CAFFD20025125F /* Assets.xcassets in Resources */,
			);
			runOnlyForDeploymentPostprocessing = 0;
		};
		D38F608529CAFFD20025125F /* Resources */ = {
			isa = PBXResourcesBuildPhase;
			buildActionMask = 2147483647;
			files = (
				D38F60AC29CB03AF0025125F /* Localizable.strings in Resources */,
			);
			runOnlyForDeploymentPostprocessing = 0;
		};
		D38F608F29CAFFD30025125F /* Resources */ = {
			isa = PBXResourcesBuildPhase;
			buildActionMask = 2147483647;
			files = (
				D38F60AD29CB03AF0025125F /* Localizable.strings in Resources */,
			);
			runOnlyForDeploymentPostprocessing = 0;
		};
/* End PBXResourcesBuildPhase section */

/* Begin PBXSourcesBuildPhase section */
		D3672F2129D9B5A300471DF8 /* Sources */ = {
			isa = PBXSourcesBuildPhase;
			buildActionMask = 2147483647;
			files = (
				D3672F4729D9B63000471DF8 /* Networking.swift in Sources */,
				D3672F3C29D9B60D00471DF8 /* HeroeSeriesRowCellView.swift in Sources */,
				D3672F4229D9B62100471DF8 /* HeroesTableViewModel.swift in Sources */,
				D3672F3929D9B60500471DF8 /* TitleStyle.swift in Sources */,
				D3672F4529D9B62A00471DF8 /* Status.swift in Sources */,
				D3672F3829D9B60200471DF8 /* SerieCard.swift in Sources */,
				D3672F3E29D9B61200471DF8 /* LoadingView.swift in Sources */,
				D3672F4029D9B61800471DF8 /* HeroesListView.swift in Sources */,
				D3672F3729D9B5F700471DF8 /* Tool.swift in Sources */,
				D3672F3B29D9B60B00471DF8 /* HeroeSeriesView.swift in Sources */,
				D3672F4129D9B61C00471DF8 /* BaseViewModel.swift in Sources */,
				D3672F4429D9B62800471DF8 /* Heroe.swift in Sources */,
				D3672F3F29D9B61500471DF8 /* HeroesRowCellView.swift in Sources */,
				D3672F3D29D9B61000471DF8 /* BaseView.swift in Sources */,
				D34F016E29D9BC8900E1AC92 /* PracticaIOSSuperPoderesApp.swift in Sources */,
				D3672F4629D9B62D00471DF8 /* Serie.swift in Sources */,
				D3672F4329D9B62400471DF8 /* HeroeSeriesViewModel.swift in Sources */,
				D3672F3A29D9B60700471DF8 /* HeroeCard.swift in Sources */,
			);
			runOnlyForDeploymentPostprocessing = 0;
		};
		D38F607229CAFFD20025125F /* Sources */ = {
			isa = PBXSourcesBuildPhase;
			buildActionMask = 2147483647;
			files = (
				D3A6DA7E29CDC72A00452F39 /* Networking.swift in Sources */,
				D384DC8D29D07BDD003F4524 /* BaseViewModel.swift in Sources */,
				D3C08A6829CF69B500D96E56 /* Heroe.swift in Sources */,
				D384DCA729D0E0C9003F4524 /* HeroeSeriesViewModel.swift in Sources */,
				D3DA4C1929D74CF4001AE13D /* HeroeCard.swift in Sources */,
				D384DC9729D0A0B8003F4524 /* Tool.swift in Sources */,
				D384DCA329D0E030003F4524 /* Serie.swift in Sources */,
				D384DC9129D090D6003F4524 /* LoadingView.swift in Sources */,
				D384DC7829D04E04003F4524 /* HeroesRowCellView.swift in Sources */,
				D38661CD29D19255000F13D3 /* HeroeSeriesRowCellView.swift in Sources */,
				D3C08A6D29CF6CA700D96E56 /* HeroesTableViewModel.swift in Sources */,
				D3A0FD0229D33F9F000CE348 /* TitleStyle.swift in Sources */,
				D3A0153F29D2F2BA00E3880A /* SerieCard.swift in Sources */,
				D384DC7F29D06260003F4524 /* HeroesListView.swift in Sources */,
				D38F607C29CAFFD20025125F /* ContentView.swift in Sources */,
				D38661C929D18FAB000F13D3 /* HeroeSeriesView.swift in Sources */,
				D384DC8429D075DA003F4524 /* BaseView.swift in Sources */,
				D38F607A29CAFFD20025125F /* PracticaIOSSuperPoderesApp.swift in Sources */,
				D3C08A7129CF6D2000D96E56 /* Status.swift in Sources */,
			);
			runOnlyForDeploymentPostprocessing = 0;
		};
		D38F608329CAFFD20025125F /* Sources */ = {
			isa = PBXSourcesBuildPhase;
			buildActionMask = 2147483647;
			files = (
				D3A6DA7F29CDC72A00452F39 /* Networking.swift in Sources */,
				D384DC8E29D07BDD003F4524 /* BaseViewModel.swift in Sources */,
				D384DC8929D07893003F4524 /* Heroe.swift in Sources */,
				D384DC7929D04E04003F4524 /* HeroesRowCellView.swift in Sources */,
				D38661CE29D19255000F13D3 /* HeroeSeriesRowCellView.swift in Sources */,
				D384DCA429D0E030003F4524 /* Serie.swift in Sources */,
				D3C08A7229CF6D2000D96E56 /* Status.swift in Sources */,
				D3899F9729D841D4008743F7 /* HeroeCard.swift in Sources */,
				D384DC9229D090D6003F4524 /* LoadingView.swift in Sources */,
				D3A0154029D2F2BA00E3880A /* SerieCard.swift in Sources */,
				D38F60B229CB04860025125F /* LocalizableTest.swift in Sources */,
				D384DC9829D0A0B8003F4524 /* Tool.swift in Sources */,
				D38661CA29D18FAB000F13D3 /* HeroeSeriesView.swift in Sources */,
				D384DCA829D0E0C9003F4524 /* HeroeSeriesViewModel.swift in Sources */,
				D38F608C29CAFFD20025125F /* PracticaIOSSuperPoderesTests.swift in Sources */,
				D3C08A6E29CF6CA700D96E56 /* HeroesTableViewModel.swift in Sources */,
				D3A0FD0329D33F9F000CE348 /* TitleStyle.swift in Sources */,
				D3899F9B29D8A55D008743F7 /* ModelsTest.swift in Sources */,
				D384DC8029D06260003F4524 /* HeroesListView.swift in Sources */,
				D384DC8529D075DA003F4524 /* BaseView.swift in Sources */,
				D384DC8829D07683003F4524 /* EnumTest.swift in Sources */,
				D3899F9D29D8B635008743F7 /* ToolTest.swift in Sources */,
				D3A22B2729D9806F00715EA5 /* UITest.swift in Sources */,
			);
			runOnlyForDeploymentPostprocessing = 0;
		};
		D38F608D29CAFFD30025125F /* Sources */ = {
			isa = PBXSourcesBuildPhase;
			buildActionMask = 2147483647;
			files = (
				D3A6DA8029CDC72A00452F39 /* Networking.swift in Sources */,
				D384DC8F29D07BDD003F4524 /* BaseViewModel.swift in Sources */,
				D384DC7A29D04E04003F4524 /* HeroesRowCellView.swift in Sources */,
				D384DCA929D0E0C9003F4524 /* HeroeSeriesViewModel.swift in Sources */,
				D3899F9829D841D4008743F7 /* HeroeCard.swift in Sources */,
				D384DC9929D0A0B8003F4524 /* Tool.swift in Sources */,
				D384DCA529D0E030003F4524 /* Serie.swift in Sources */,
				D384DC9329D090D6003F4524 /* LoadingView.swift in Sources */,
				D3C08A7329CF6D2000D96E56 /* Status.swift in Sources */,
				D38661CF29D19255000F13D3 /* HeroeSeriesRowCellView.swift in Sources */,
				D38F609829CAFFD30025125F /* PracticaIOSSuperPoderesUITestsLaunchTests.swift in Sources */,
				D3A0FD0429D33F9F000CE348 /* TitleStyle.swift in Sources */,
				D3A0154129D2F2BA00E3880A /* SerieCard.swift in Sources */,
				D38F609629CAFFD30025125F /* PracticaIOSSuperPoderesUITests.swift in Sources */,
				D384DC8A29D07893003F4524 /* Heroe.swift in Sources */,
				D38661CB29D18FAB000F13D3 /* HeroeSeriesView.swift in Sources */,
				D3C08A6F29CF6CA700D96E56 /* HeroesTableViewModel.swift in Sources */,
				D384DC8129D06260003F4524 /* HeroesListView.swift in Sources */,
				D384DC8629D075DA003F4524 /* BaseView.swift in Sources */,
			);
			runOnlyForDeploymentPostprocessing = 0;
		};
/* End PBXSourcesBuildPhase section */

/* Begin PBXTargetDependency section */
		D3672F3129D9B5A300471DF8 /* PBXTargetDependency */ = {
			isa = PBXTargetDependency;
			target = D3672F2429D9B5A300471DF8 /* watchOSSupport Watch App */;
			targetProxy = D3672F3029D9B5A300471DF8 /* PBXContainerItemProxy */;
		};
		D38F608929CAFFD20025125F /* PBXTargetDependency */ = {
			isa = PBXTargetDependency;
			target = D38F607529CAFFD20025125F /* PracticaIOSSuperPoderes */;
			targetProxy = D38F608829CAFFD20025125F /* PBXContainerItemProxy */;
		};
		D38F609329CAFFD30025125F /* PBXTargetDependency */ = {
			isa = PBXTargetDependency;
			target = D38F607529CAFFD20025125F /* PracticaIOSSuperPoderes */;
			targetProxy = D38F609229CAFFD30025125F /* PBXContainerItemProxy */;
		};
/* End PBXTargetDependency section */

/* Begin PBXVariantGroup section */
		D38F60AF29CB03AF0025125F /* Localizable.strings */ = {
			isa = PBXVariantGroup;
			children = (
				D38F60AE29CB03AF0025125F /* en */,
				D38F60B029CB03B50025125F /* es */,
			);
			name = Localizable.strings;
			sourceTree = "<group>";
		};
/* End PBXVariantGroup section */

/* Begin XCBuildConfiguration section */
		D3672F3429D9B5A300471DF8 /* Debug */ = {
			isa = XCBuildConfiguration;
			buildSettings = {
				ASSETCATALOG_COMPILER_APPICON_NAME = AppIcon;
				ASSETCATALOG_COMPILER_GLOBAL_ACCENT_COLOR_NAME = AccentColor;
				CODE_SIGN_STYLE = Automatic;
				CURRENT_PROJECT_VERSION = 1;
				DEVELOPMENT_ASSET_PATHS = "\"watchOSSupport Watch App/Preview Content\"";
				ENABLE_PREVIEWS = YES;
				GENERATE_INFOPLIST_FILE = YES;
				INFOPLIST_FILE = "watchOSSupport-Watch-App-Info.plist";
				INFOPLIST_KEY_CFBundleDisplayName = watchOSSupport;
				INFOPLIST_KEY_UISupportedInterfaceOrientations = "UIInterfaceOrientationPortrait UIInterfaceOrientationPortraitUpsideDown";
				INFOPLIST_KEY_WKCompanionAppBundleIdentifier = AlbertoJR.PracticaIOSSuperPoderes;
				LD_RUNPATH_SEARCH_PATHS = (
					"$(inherited)",
					"@executable_path/Frameworks",
				);
				MARKETING_VERSION = 1.0;
				PRODUCT_BUNDLE_IDENTIFIER = AlbertoJR.PracticaIOSSuperPoderes.watchkitapp;
				PRODUCT_NAME = "$(TARGET_NAME)";
				SDKROOT = watchos;
				SKIP_INSTALL = YES;
				SWIFT_EMIT_LOC_STRINGS = YES;
				SWIFT_VERSION = 5.0;
				TARGETED_DEVICE_FAMILY = 4;
				WATCHOS_DEPLOYMENT_TARGET = 9.1;
			};
			name = Debug;
		};
		D3672F3529D9B5A300471DF8 /* Release */ = {
			isa = XCBuildConfiguration;
			buildSettings = {
				ASSETCATALOG_COMPILER_APPICON_NAME = AppIcon;
				ASSETCATALOG_COMPILER_GLOBAL_ACCENT_COLOR_NAME = AccentColor;
				CODE_SIGN_STYLE = Automatic;
				CURRENT_PROJECT_VERSION = 1;
				DEVELOPMENT_ASSET_PATHS = "\"watchOSSupport Watch App/Preview Content\"";
				ENABLE_PREVIEWS = YES;
				GENERATE_INFOPLIST_FILE = YES;
				INFOPLIST_FILE = "watchOSSupport-Watch-App-Info.plist";
				INFOPLIST_KEY_CFBundleDisplayName = watchOSSupport;
				INFOPLIST_KEY_UISupportedInterfaceOrientations = "UIInterfaceOrientationPortrait UIInterfaceOrientationPortraitUpsideDown";
				INFOPLIST_KEY_WKCompanionAppBundleIdentifier = AlbertoJR.PracticaIOSSuperPoderes;
				LD_RUNPATH_SEARCH_PATHS = (
					"$(inherited)",
					"@executable_path/Frameworks",
				);
				MARKETING_VERSION = 1.0;
				PRODUCT_BUNDLE_IDENTIFIER = AlbertoJR.PracticaIOSSuperPoderes.watchkitapp;
				PRODUCT_NAME = "$(TARGET_NAME)";
				SDKROOT = watchos;
				SKIP_INSTALL = YES;
				SWIFT_EMIT_LOC_STRINGS = YES;
				SWIFT_VERSION = 5.0;
				TARGETED_DEVICE_FAMILY = 4;
				VALIDATE_PRODUCT = YES;
				WATCHOS_DEPLOYMENT_TARGET = 9.1;
			};
			name = Release;
		};
		D38F609929CAFFD30025125F /* Debug */ = {
			isa = XCBuildConfiguration;
			buildSettings = {
				ALWAYS_SEARCH_USER_PATHS = NO;
				CLANG_ANALYZER_NONNULL = YES;
				CLANG_ANALYZER_NUMBER_OBJECT_CONVERSION = YES_AGGRESSIVE;
				CLANG_CXX_LANGUAGE_STANDARD = "gnu++20";
				CLANG_ENABLE_MODULES = YES;
				CLANG_ENABLE_OBJC_ARC = YES;
				CLANG_ENABLE_OBJC_WEAK = YES;
				CLANG_WARN_BLOCK_CAPTURE_AUTORELEASING = YES;
				CLANG_WARN_BOOL_CONVERSION = YES;
				CLANG_WARN_COMMA = YES;
				CLANG_WARN_CONSTANT_CONVERSION = YES;
				CLANG_WARN_DEPRECATED_OBJC_IMPLEMENTATIONS = YES;
				CLANG_WARN_DIRECT_OBJC_ISA_USAGE = YES_ERROR;
				CLANG_WARN_DOCUMENTATION_COMMENTS = YES;
				CLANG_WARN_EMPTY_BODY = YES;
				CLANG_WARN_ENUM_CONVERSION = YES;
				CLANG_WARN_INFINITE_RECURSION = YES;
				CLANG_WARN_INT_CONVERSION = YES;
				CLANG_WARN_NON_LITERAL_NULL_CONVERSION = YES;
				CLANG_WARN_OBJC_IMPLICIT_RETAIN_SELF = YES;
				CLANG_WARN_OBJC_LITERAL_CONVERSION = YES;
				CLANG_WARN_OBJC_ROOT_CLASS = YES_ERROR;
				CLANG_WARN_QUOTED_INCLUDE_IN_FRAMEWORK_HEADER = YES;
				CLANG_WARN_RANGE_LOOP_ANALYSIS = YES;
				CLANG_WARN_STRICT_PROTOTYPES = YES;
				CLANG_WARN_SUSPICIOUS_MOVE = YES;
				CLANG_WARN_UNGUARDED_AVAILABILITY = YES_AGGRESSIVE;
				CLANG_WARN_UNREACHABLE_CODE = YES;
				CLANG_WARN__DUPLICATE_METHOD_MATCH = YES;
				COPY_PHASE_STRIP = NO;
				DEBUG_INFORMATION_FORMAT = dwarf;
				ENABLE_STRICT_OBJC_MSGSEND = YES;
				ENABLE_TESTABILITY = YES;
				GCC_C_LANGUAGE_STANDARD = gnu11;
				GCC_DYNAMIC_NO_PIC = NO;
				GCC_NO_COMMON_BLOCKS = YES;
				GCC_OPTIMIZATION_LEVEL = 0;
				GCC_PREPROCESSOR_DEFINITIONS = (
					"DEBUG=1",
					"$(inherited)",
				);
				GCC_WARN_64_TO_32_BIT_CONVERSION = YES;
				GCC_WARN_ABOUT_RETURN_TYPE = YES_ERROR;
				GCC_WARN_UNDECLARED_SELECTOR = YES;
				GCC_WARN_UNINITIALIZED_AUTOS = YES_AGGRESSIVE;
				GCC_WARN_UNUSED_FUNCTION = YES;
				GCC_WARN_UNUSED_VARIABLE = YES;
				MTL_ENABLE_DEBUG_INFO = INCLUDE_SOURCE;
				MTL_FAST_MATH = YES;
				ONLY_ACTIVE_ARCH = YES;
				SWIFT_ACTIVE_COMPILATION_CONDITIONS = DEBUG;
				SWIFT_OPTIMIZATION_LEVEL = "-Onone";
			};
			name = Debug;
		};
		D38F609A29CAFFD30025125F /* Release */ = {
			isa = XCBuildConfiguration;
			buildSettings = {
				ALWAYS_SEARCH_USER_PATHS = NO;
				CLANG_ANALYZER_NONNULL = YES;
				CLANG_ANALYZER_NUMBER_OBJECT_CONVERSION = YES_AGGRESSIVE;
				CLANG_CXX_LANGUAGE_STANDARD = "gnu++20";
				CLANG_ENABLE_MODULES = YES;
				CLANG_ENABLE_OBJC_ARC = YES;
				CLANG_ENABLE_OBJC_WEAK = YES;
				CLANG_WARN_BLOCK_CAPTURE_AUTORELEASING = YES;
				CLANG_WARN_BOOL_CONVERSION = YES;
				CLANG_WARN_COMMA = YES;
				CLANG_WARN_CONSTANT_CONVERSION = YES;
				CLANG_WARN_DEPRECATED_OBJC_IMPLEMENTATIONS = YES;
				CLANG_WARN_DIRECT_OBJC_ISA_USAGE = YES_ERROR;
				CLANG_WARN_DOCUMENTATION_COMMENTS = YES;
				CLANG_WARN_EMPTY_BODY = YES;
				CLANG_WARN_ENUM_CONVERSION = YES;
				CLANG_WARN_INFINITE_RECURSION = YES;
				CLANG_WARN_INT_CONVERSION = YES;
				CLANG_WARN_NON_LITERAL_NULL_CONVERSION = YES;
				CLANG_WARN_OBJC_IMPLICIT_RETAIN_SELF = YES;
				CLANG_WARN_OBJC_LITERAL_CONVERSION = YES;
				CLANG_WARN_OBJC_ROOT_CLASS = YES_ERROR;
				CLANG_WARN_QUOTED_INCLUDE_IN_FRAMEWORK_HEADER = YES;
				CLANG_WARN_RANGE_LOOP_ANALYSIS = YES;
				CLANG_WARN_STRICT_PROTOTYPES = YES;
				CLANG_WARN_SUSPICIOUS_MOVE = YES;
				CLANG_WARN_UNGUARDED_AVAILABILITY = YES_AGGRESSIVE;
				CLANG_WARN_UNREACHABLE_CODE = YES;
				CLANG_WARN__DUPLICATE_METHOD_MATCH = YES;
				COPY_PHASE_STRIP = NO;
				DEBUG_INFORMATION_FORMAT = "dwarf-with-dsym";
				ENABLE_NS_ASSERTIONS = NO;
				ENABLE_STRICT_OBJC_MSGSEND = YES;
				GCC_C_LANGUAGE_STANDARD = gnu11;
				GCC_NO_COMMON_BLOCKS = YES;
				GCC_WARN_64_TO_32_BIT_CONVERSION = YES;
				GCC_WARN_ABOUT_RETURN_TYPE = YES_ERROR;
				GCC_WARN_UNDECLARED_SELECTOR = YES;
				GCC_WARN_UNINITIALIZED_AUTOS = YES_AGGRESSIVE;
				GCC_WARN_UNUSED_FUNCTION = YES;
				GCC_WARN_UNUSED_VARIABLE = YES;
				MTL_ENABLE_DEBUG_INFO = NO;
				MTL_FAST_MATH = YES;
				SWIFT_COMPILATION_MODE = wholemodule;
				SWIFT_OPTIMIZATION_LEVEL = "-O";
			};
			name = Release;
		};
		D38F609C29CAFFD30025125F /* Debug */ = {
			isa = XCBuildConfiguration;
			buildSettings = {
				ALWAYS_EMBED_SWIFT_STANDARD_LIBRARIES = YES;
				ASSETCATALOG_COMPILER_APPICON_NAME = AppIcon;
				ASSETCATALOG_COMPILER_GLOBAL_ACCENT_COLOR_NAME = AccentColor;
				CODE_SIGN_ENTITLEMENTS = PracticaIOSSuperPoderes/PracticaIOSSuperPoderes.entitlements;
				CODE_SIGN_STYLE = Automatic;
				CURRENT_PROJECT_VERSION = 1;
				DEVELOPMENT_ASSET_PATHS = "\"PracticaIOSSuperPoderes/Preview Content\"";
				ENABLE_PREVIEWS = YES;
				GENERATE_INFOPLIST_FILE = YES;
				INFOPLIST_FILE = PracticaIOSSuperPoderes/Info.plist;
				"INFOPLIST_KEY_UIApplicationSceneManifest_Generation[sdk=iphoneos*]" = YES;
				"INFOPLIST_KEY_UIApplicationSceneManifest_Generation[sdk=iphonesimulator*]" = YES;
				"INFOPLIST_KEY_UIApplicationSupportsIndirectInputEvents[sdk=iphoneos*]" = YES;
				"INFOPLIST_KEY_UIApplicationSupportsIndirectInputEvents[sdk=iphonesimulator*]" = YES;
				"INFOPLIST_KEY_UILaunchScreen_Generation[sdk=iphoneos*]" = YES;
				"INFOPLIST_KEY_UILaunchScreen_Generation[sdk=iphonesimulator*]" = YES;
				"INFOPLIST_KEY_UIStatusBarStyle[sdk=iphoneos*]" = UIStatusBarStyleDefault;
				"INFOPLIST_KEY_UIStatusBarStyle[sdk=iphonesimulator*]" = UIStatusBarStyleDefault;
				INFOPLIST_KEY_UISupportedInterfaceOrientations_iPad = "UIInterfaceOrientationPortrait UIInterfaceOrientationPortraitUpsideDown UIInterfaceOrientationLandscapeLeft UIInterfaceOrientationLandscapeRight";
				INFOPLIST_KEY_UISupportedInterfaceOrientations_iPhone = "UIInterfaceOrientationPortrait UIInterfaceOrientationLandscapeLeft UIInterfaceOrientationLandscapeRight";
				IPHONEOS_DEPLOYMENT_TARGET = 16.1;
				LD_RUNPATH_SEARCH_PATHS = "@executable_path/Frameworks";
				"LD_RUNPATH_SEARCH_PATHS[sdk=macosx*]" = "@executable_path/../Frameworks";
				MACOSX_DEPLOYMENT_TARGET = 12.5;
				MARKETING_VERSION = 1.0;
				PRODUCT_BUNDLE_IDENTIFIER = AlbertoJR.PracticaIOSSuperPoderes;
				PRODUCT_NAME = "$(TARGET_NAME)";
				SDKROOT = auto;
				SUPPORTED_PLATFORMS = "iphoneos iphonesimulator macosx";
				SWIFT_EMIT_LOC_STRINGS = YES;
				SWIFT_VERSION = 5.0;
				TARGETED_DEVICE_FAMILY = "1,2";
			};
			name = Debug;
		};
		D38F609D29CAFFD30025125F /* Release */ = {
			isa = XCBuildConfiguration;
			buildSettings = {
				ALWAYS_EMBED_SWIFT_STANDARD_LIBRARIES = YES;
				ASSETCATALOG_COMPILER_APPICON_NAME = AppIcon;
				ASSETCATALOG_COMPILER_GLOBAL_ACCENT_COLOR_NAME = AccentColor;
				CODE_SIGN_ENTITLEMENTS = PracticaIOSSuperPoderes/PracticaIOSSuperPoderes.entitlements;
				CODE_SIGN_STYLE = Automatic;
				CURRENT_PROJECT_VERSION = 1;
				DEVELOPMENT_ASSET_PATHS = "\"PracticaIOSSuperPoderes/Preview Content\"";
				ENABLE_PREVIEWS = YES;
				GENERATE_INFOPLIST_FILE = YES;
				INFOPLIST_FILE = PracticaIOSSuperPoderes/Info.plist;
				"INFOPLIST_KEY_UIApplicationSceneManifest_Generation[sdk=iphoneos*]" = YES;
				"INFOPLIST_KEY_UIApplicationSceneManifest_Generation[sdk=iphonesimulator*]" = YES;
				"INFOPLIST_KEY_UIApplicationSupportsIndirectInputEvents[sdk=iphoneos*]" = YES;
				"INFOPLIST_KEY_UIApplicationSupportsIndirectInputEvents[sdk=iphonesimulator*]" = YES;
				"INFOPLIST_KEY_UILaunchScreen_Generation[sdk=iphoneos*]" = YES;
				"INFOPLIST_KEY_UILaunchScreen_Generation[sdk=iphonesimulator*]" = YES;
				"INFOPLIST_KEY_UIStatusBarStyle[sdk=iphoneos*]" = UIStatusBarStyleDefault;
				"INFOPLIST_KEY_UIStatusBarStyle[sdk=iphonesimulator*]" = UIStatusBarStyleDefault;
				INFOPLIST_KEY_UISupportedInterfaceOrientations_iPad = "UIInterfaceOrientationPortrait UIInterfaceOrientationPortraitUpsideDown UIInterfaceOrientationLandscapeLeft UIInterfaceOrientationLandscapeRight";
				INFOPLIST_KEY_UISupportedInterfaceOrientations_iPhone = "UIInterfaceOrientationPortrait UIInterfaceOrientationLandscapeLeft UIInterfaceOrientationLandscapeRight";
				IPHONEOS_DEPLOYMENT_TARGET = 16.1;
				LD_RUNPATH_SEARCH_PATHS = "@executable_path/Frameworks";
				"LD_RUNPATH_SEARCH_PATHS[sdk=macosx*]" = "@executable_path/../Frameworks";
				MACOSX_DEPLOYMENT_TARGET = 12.5;
				MARKETING_VERSION = 1.0;
				PRODUCT_BUNDLE_IDENTIFIER = AlbertoJR.PracticaIOSSuperPoderes;
				PRODUCT_NAME = "$(TARGET_NAME)";
				SDKROOT = auto;
				SUPPORTED_PLATFORMS = "iphoneos iphonesimulator macosx";
				SWIFT_EMIT_LOC_STRINGS = YES;
				SWIFT_VERSION = 5.0;
				TARGETED_DEVICE_FAMILY = "1,2";
			};
			name = Release;
		};
		D38F609F29CAFFD30025125F /* Debug */ = {
			isa = XCBuildConfiguration;
			buildSettings = {
				ALWAYS_EMBED_SWIFT_STANDARD_LIBRARIES = YES;
				BUNDLE_LOADER = "$(TEST_HOST)";
				CODE_SIGN_STYLE = Automatic;
				CURRENT_PROJECT_VERSION = 1;
				GENERATE_INFOPLIST_FILE = YES;
				IPHONEOS_DEPLOYMENT_TARGET = 16.1;
				MACOSX_DEPLOYMENT_TARGET = 12.5;
				MARKETING_VERSION = 1.0;
				PRODUCT_BUNDLE_IDENTIFIER = AlbertoJR.PracticaIOSSuperPoderesTests;
				PRODUCT_NAME = "$(TARGET_NAME)";
				SDKROOT = auto;
				SUPPORTED_PLATFORMS = "iphoneos iphonesimulator macosx";
				SWIFT_EMIT_LOC_STRINGS = NO;
				SWIFT_VERSION = 5.0;
				TARGETED_DEVICE_FAMILY = "1,2";
				TEST_HOST = "$(BUILT_PRODUCTS_DIR)/PracticaIOSSuperPoderes.app/$(BUNDLE_EXECUTABLE_FOLDER_PATH)/PracticaIOSSuperPoderes";
			};
			name = Debug;
		};
		D38F60A029CAFFD30025125F /* Release */ = {
			isa = XCBuildConfiguration;
			buildSettings = {
				ALWAYS_EMBED_SWIFT_STANDARD_LIBRARIES = YES;
				BUNDLE_LOADER = "$(TEST_HOST)";
				CODE_SIGN_STYLE = Automatic;
				CURRENT_PROJECT_VERSION = 1;
				GENERATE_INFOPLIST_FILE = YES;
				IPHONEOS_DEPLOYMENT_TARGET = 16.1;
				MACOSX_DEPLOYMENT_TARGET = 12.5;
				MARKETING_VERSION = 1.0;
				PRODUCT_BUNDLE_IDENTIFIER = AlbertoJR.PracticaIOSSuperPoderesTests;
				PRODUCT_NAME = "$(TARGET_NAME)";
				SDKROOT = auto;
				SUPPORTED_PLATFORMS = "iphoneos iphonesimulator macosx";
				SWIFT_EMIT_LOC_STRINGS = NO;
				SWIFT_VERSION = 5.0;
				TARGETED_DEVICE_FAMILY = "1,2";
				TEST_HOST = "$(BUILT_PRODUCTS_DIR)/PracticaIOSSuperPoderes.app/$(BUNDLE_EXECUTABLE_FOLDER_PATH)/PracticaIOSSuperPoderes";
			};
			name = Release;
		};
		D38F60A229CAFFD30025125F /* Debug */ = {
			isa = XCBuildConfiguration;
			buildSettings = {
				ALWAYS_EMBED_SWIFT_STANDARD_LIBRARIES = YES;
				CODE_SIGN_STYLE = Automatic;
				CURRENT_PROJECT_VERSION = 1;
				GENERATE_INFOPLIST_FILE = YES;
				IPHONEOS_DEPLOYMENT_TARGET = 16.1;
				MACOSX_DEPLOYMENT_TARGET = 12.5;
				MARKETING_VERSION = 1.0;
				PRODUCT_BUNDLE_IDENTIFIER = AlbertoJR.PracticaIOSSuperPoderesUITests;
				PRODUCT_NAME = "$(TARGET_NAME)";
				SDKROOT = auto;
				SUPPORTED_PLATFORMS = "iphoneos iphonesimulator macosx";
				SWIFT_EMIT_LOC_STRINGS = NO;
				SWIFT_VERSION = 5.0;
				TARGETED_DEVICE_FAMILY = "1,2";
				TEST_TARGET_NAME = PracticaIOSSuperPoderes;
			};
			name = Debug;
		};
		D38F60A329CAFFD30025125F /* Release */ = {
			isa = XCBuildConfiguration;
			buildSettings = {
				ALWAYS_EMBED_SWIFT_STANDARD_LIBRARIES = YES;
				CODE_SIGN_STYLE = Automatic;
				CURRENT_PROJECT_VERSION = 1;
				GENERATE_INFOPLIST_FILE = YES;
				IPHONEOS_DEPLOYMENT_TARGET = 16.1;
				MACOSX_DEPLOYMENT_TARGET = 12.5;
				MARKETING_VERSION = 1.0;
				PRODUCT_BUNDLE_IDENTIFIER = AlbertoJR.PracticaIOSSuperPoderesUITests;
				PRODUCT_NAME = "$(TARGET_NAME)";
				SDKROOT = auto;
				SUPPORTED_PLATFORMS = "iphoneos iphonesimulator macosx";
				SWIFT_EMIT_LOC_STRINGS = NO;
				SWIFT_VERSION = 5.0;
				TARGETED_DEVICE_FAMILY = "1,2";
				TEST_TARGET_NAME = PracticaIOSSuperPoderes;
			};
			name = Release;
		};
/* End XCBuildConfiguration section */

/* Begin XCConfigurationList section */
		D3672F3629D9B5A300471DF8 /* Build configuration list for PBXNativeTarget "watchOSSupport Watch App" */ = {
			isa = XCConfigurationList;
			buildConfigurations = (
				D3672F3429D9B5A300471DF8 /* Debug */,
				D3672F3529D9B5A300471DF8 /* Release */,
			);
			defaultConfigurationIsVisible = 0;
			defaultConfigurationName = Release;
		};
		D38F607129CAFFD20025125F /* Build configuration list for PBXProject "PracticaIOSSuperPoderes" */ = {
			isa = XCConfigurationList;
			buildConfigurations = (
				D38F609929CAFFD30025125F /* Debug */,
				D38F609A29CAFFD30025125F /* Release */,
			);
			defaultConfigurationIsVisible = 0;
			defaultConfigurationName = Release;
		};
		D38F609B29CAFFD30025125F /* Build configuration list for PBXNativeTarget "PracticaIOSSuperPoderes" */ = {
			isa = XCConfigurationList;
			buildConfigurations = (
				D38F609C29CAFFD30025125F /* Debug */,
				D38F609D29CAFFD30025125F /* Release */,
			);
			defaultConfigurationIsVisible = 0;
			defaultConfigurationName = Release;
		};
		D38F609E29CAFFD30025125F /* Build configuration list for PBXNativeTarget "PracticaIOSSuperPoderesTests" */ = {
			isa = XCConfigurationList;
			buildConfigurations = (
				D38F609F29CAFFD30025125F /* Debug */,
				D38F60A029CAFFD30025125F /* Release */,
			);
			defaultConfigurationIsVisible = 0;
			defaultConfigurationName = Release;
		};
		D38F60A129CAFFD30025125F /* Build configuration list for PBXNativeTarget "PracticaIOSSuperPoderesUITests" */ = {
			isa = XCConfigurationList;
			buildConfigurations = (
				D38F60A229CAFFD30025125F /* Debug */,
				D38F60A329CAFFD30025125F /* Release */,
			);
			defaultConfigurationIsVisible = 0;
			defaultConfigurationName = Release;
		};
/* End XCConfigurationList section */

/* Begin XCRemoteSwiftPackageReference section */
		D3A22B2329D97D2200715EA5 /* XCRemoteSwiftPackageReference "ViewInspector" */ = {
			isa = XCRemoteSwiftPackageReference;
			repositoryURL = "https://github.com/nalexn/ViewInspector";
			requirement = {
				branch = 0.9.6;
				kind = branch;
			};
		};
/* End XCRemoteSwiftPackageReference section */

/* Begin XCSwiftPackageProductDependency section */
		D3A22B2429D97D2200715EA5 /* ViewInspector */ = {
			isa = XCSwiftPackageProductDependency;
			package = D3A22B2329D97D2200715EA5 /* XCRemoteSwiftPackageReference "ViewInspector" */;
			productName = ViewInspector;
		};
/* End XCSwiftPackageProductDependency section */
	};
	rootObject = D38F606E29CAFFD20025125F /* Project object */;
}
